// !$*UTF8*$!
{
	archiveVersion = 1;
	classes = {
	};
	objectVersion = 46;
	objects = {

/* Begin PBXBuildFile section */
		7BA73CB91C57951D00C3F662 /* main.cpp in Sources */ = {isa = PBXBuildFile; fileRef = 7BA73CB81C57951D00C3F662 /* main.cpp */; };
/* End PBXBuildFile section */

/* Begin PBXCopyFilesBuildPhase section */
		7BA73CB31C57951D00C3F662 /* CopyFiles */ = {
			isa = PBXCopyFilesBuildPhase;
			buildActionMask = 2147483647;
			dstPath = /usr/share/man/man1/;
			dstSubfolderSpec = 0;
			files = (
			);
			runOnlyForDeploymentPostprocessing = 1;
		};
/* End PBXCopyFilesBuildPhase section */

/* Begin PBXFileReference section */
		7BA73CB51C57951D00C3F662 /* VEM */ = {isa = PBXFileReference; explicitFileType = "compiled.mach-o.executable"; includeInIndex = 0; path = VEM; sourceTree = BUILT_PRODUCTS_DIR; };
		7BA73CB81C57951D00C3F662 /* main.cpp */ = {isa = PBXFileReference; lastKnownFileType = sourcecode.cpp.cpp; path = main.cpp; sourceTree = "<group>"; };
		7BA73CBF1C57963100C3F662 /* BoundaryCondition.h */ = {isa = PBXFileReference; lastKnownFileType = sourcecode.c.h; path = BoundaryCondition.h; sourceTree = "<group>"; };
		7BA73CC01C57963100C3F662 /* Dirichlet.h */ = {isa = PBXFileReference; lastKnownFileType = sourcecode.c.h; path = Dirichlet.h; sourceTree = "<group>"; };
		7BA73CC11C57963100C3F662 /* Dirichlet3D.h */ = {isa = PBXFileReference; lastKnownFileType = sourcecode.c.h; path = Dirichlet3D.h; sourceTree = "<group>"; };
		7BA73CC21C57963100C3F662 /* Error.h */ = {isa = PBXFileReference; lastKnownFileType = sourcecode.c.h; path = Error.h; sourceTree = "<group>"; };
		7BA73CC31C57963100C3F662 /* Laplace.h */ = {isa = PBXFileReference; lastKnownFileType = sourcecode.c.h; path = Laplace.h; sourceTree = "<group>"; };
		7BA73CC41C57963100C3F662 /* Mesh.h */ = {isa = PBXFileReference; lastKnownFileType = sourcecode.c.h; path = Mesh.h; sourceTree = "<group>"; };
		7BA73CC51C57963100C3F662 /* Mesh2D.h */ = {isa = PBXFileReference; lastKnownFileType = sourcecode.c.h; path = Mesh2D.h; sourceTree = "<group>"; };
		7BA73CC61C57963100C3F662 /* Mesh3D.h */ = {isa = PBXFileReference; lastKnownFileType = sourcecode.c.h; path = Mesh3D.h; sourceTree = "<group>"; };
		7BA73CC71C57963100C3F662 /* MeshPoint.h */ = {isa = PBXFileReference; lastKnownFileType = sourcecode.c.h; path = MeshPoint.h; sourceTree = "<group>"; };
		7BA73CC81C57963100C3F662 /* Monomials.h */ = {isa = PBXFileReference; lastKnownFileType = sourcecode.c.h; path = Monomials.h; sourceTree = "<group>"; };
		7BA73CC91C57963100C3F662 /* MonomialsPolygon.h */ = {isa = PBXFileReference; lastKnownFileType = sourcecode.c.h; path = MonomialsPolygon.h; sourceTree = "<group>"; };
		7BA73CCA1C57963100C3F662 /* Point.h */ = {isa = PBXFileReference; lastKnownFileType = sourcecode.c.h; path = Point.h; sourceTree = "<group>"; };
		7BA73CCB1C57963100C3F662 /* Polygon.h */ = {isa = PBXFileReference; lastKnownFileType = sourcecode.c.h; path = Polygon.h; sourceTree = "<group>"; };
		7BA73CCC1C57963100C3F662 /* Polyhedron.h */ = {isa = PBXFileReference; lastKnownFileType = sourcecode.c.h; path = Polyhedron.h; sourceTree = "<group>"; };
		7BA73CCD1C57963100C3F662 /* Problem.h */ = {isa = PBXFileReference; lastKnownFileType = sourcecode.c.h; path = Problem.h; sourceTree = "<group>"; };
		7BA73CCE1C57963100C3F662 /* Solver.h */ = {isa = PBXFileReference; lastKnownFileType = sourcecode.c.h; path = Solver.h; sourceTree = "<group>"; };
		7BA73CCF1C57963100C3F662 /* SolverVEM.h */ = {isa = PBXFileReference; lastKnownFileType = sourcecode.c.h; path = SolverVEM.h; sourceTree = "<group>"; };
		7BA73CD01C57963100C3F662 /* SolverVEM2D.h */ = {isa = PBXFileReference; lastKnownFileType = sourcecode.c.h; path = SolverVEM2D.h; sourceTree = "<group>"; };
		7BA73CD11C57963100C3F662 /* SolverVEM3D.h */ = {isa = PBXFileReference; lastKnownFileType = sourcecode.c.h; path = SolverVEM3D.h; sourceTree = "<group>"; };
/* End PBXFileReference section */

/* Begin PBXFrameworksBuildPhase section */
		7BA73CB21C57951D00C3F662 /* Frameworks */ = {
			isa = PBXFrameworksBuildPhase;
			buildActionMask = 2147483647;
			files = (
			);
			runOnlyForDeploymentPostprocessing = 0;
		};
/* End PBXFrameworksBuildPhase section */

/* Begin PBXGroup section */
		7BA73CAC1C57951D00C3F662 = {
			isa = PBXGroup;
			children = (
				7BA73CB71C57951D00C3F662 /* VEM */,
				7BA73CB61C57951D00C3F662 /* Products */,
			);
			sourceTree = "<group>";
		};
		7BA73CB61C57951D00C3F662 /* Products */ = {
			isa = PBXGroup;
			children = (
				7BA73CB51C57951D00C3F662 /* VEM */,
			);
			name = Products;
			sourceTree = "<group>";
		};
		7BA73CB71C57951D00C3F662 /* VEM */ = {
			isa = PBXGroup;
			children = (
				7BA73CB81C57951D00C3F662 /* main.cpp */,
				7BA73CCA1C57963100C3F662 /* Point.h */,
				7BA73CC71C57963100C3F662 /* MeshPoint.h */,
				7BA73CCB1C57963100C3F662 /* Polygon.h */,
				7BA73CCC1C57963100C3F662 /* Polyhedron.h */,
				7BA73CC41C57963100C3F662 /* Mesh.h */,
				7BA73CC51C57963100C3F662 /* Mesh2D.h */,
				7BA73CC61C57963100C3F662 /* Mesh3D.h */,
				7BA73CCD1C57963100C3F662 /* Problem.h */,
				7BA73CC31C57963100C3F662 /* Laplace.h */,
				7BA73CC81C57963100C3F662 /* Monomials.h */,
				7BA73CC91C57963100C3F662 /* MonomialsPolygon.h */,
				7BA73CCE1C57963100C3F662 /* Solver.h */,
				7BA73CCF1C57963100C3F662 /* SolverVEM.h */,
				7BA73CD01C57963100C3F662 /* SolverVEM2D.h */,
				7BA73CD11C57963100C3F662 /* SolverVEM3D.h */,
				7BA73CBF1C57963100C3F662 /* BoundaryCondition.h */,
				7BA73CC01C57963100C3F662 /* Dirichlet.h */,
				7BA73CC11C57963100C3F662 /* Dirichlet3D.h */,
				7BA73CC21C57963100C3F662 /* Error.h */,
			);
			path = VEM;
			sourceTree = "<group>";
		};
/* End PBXGroup section */

/* Begin PBXNativeTarget section */
		7BA73CB41C57951D00C3F662 /* VEM */ = {
			isa = PBXNativeTarget;
			buildConfigurationList = 7BA73CBC1C57951D00C3F662 /* Build configuration list for PBXNativeTarget "VEM" */;
			buildPhases = (
				7BA73CB11C57951D00C3F662 /* Sources */,
				7BA73CB21C57951D00C3F662 /* Frameworks */,
				7BA73CB31C57951D00C3F662 /* CopyFiles */,
			);
			buildRules = (
			);
			dependencies = (
			);
			name = VEM;
			productName = VEM;
			productReference = 7BA73CB51C57951D00C3F662 /* VEM */;
			productType = "com.apple.product-type.tool";
		};
/* End PBXNativeTarget section */

/* Begin PBXProject section */
		7BA73CAD1C57951D00C3F662 /* Project object */ = {
			isa = PBXProject;
			attributes = {
				LastUpgradeCheck = 0720;
				ORGANIZATIONNAME = Stefano;
				TargetAttributes = {
					7BA73CB41C57951D00C3F662 = {
						CreatedOnToolsVersion = 7.2;
					};
				};
			};
			buildConfigurationList = 7BA73CB01C57951D00C3F662 /* Build configuration list for PBXProject "VEM" */;
			compatibilityVersion = "Xcode 3.2";
			developmentRegion = English;
			hasScannedForEncodings = 0;
			knownRegions = (
				en,
			);
			mainGroup = 7BA73CAC1C57951D00C3F662;
			productRefGroup = 7BA73CB61C57951D00C3F662 /* Products */;
			projectDirPath = "";
			projectRoot = "";
			targets = (
				7BA73CB41C57951D00C3F662 /* VEM */,
			);
		};
/* End PBXProject section */

/* Begin PBXSourcesBuildPhase section */
		7BA73CB11C57951D00C3F662 /* Sources */ = {
			isa = PBXSourcesBuildPhase;
			buildActionMask = 2147483647;
			files = (
				7BA73CB91C57951D00C3F662 /* main.cpp in Sources */,
			);
			runOnlyForDeploymentPostprocessing = 0;
		};
/* End PBXSourcesBuildPhase section */

/* Begin XCBuildConfiguration section */
		7BA73CBA1C57951D00C3F662 /* Debug */ = {
			isa = XCBuildConfiguration;
			buildSettings = {
				ALWAYS_SEARCH_USER_PATHS = NO;
				CLANG_CXX_LANGUAGE_STANDARD = "gnu++0x";
				CLANG_CXX_LIBRARY = "libc++";
				CLANG_ENABLE_MODULES = YES;
				CLANG_ENABLE_OBJC_ARC = YES;
				CLANG_WARN_BOOL_CONVERSION = YES;
				CLANG_WARN_CONSTANT_CONVERSION = YES;
				CLANG_WARN_DIRECT_OBJC_ISA_USAGE = YES_ERROR;
				CLANG_WARN_EMPTY_BODY = YES;
				CLANG_WARN_ENUM_CONVERSION = YES;
				CLANG_WARN_INT_CONVERSION = YES;
				CLANG_WARN_OBJC_ROOT_CLASS = YES_ERROR;
				CLANG_WARN_UNREACHABLE_CODE = YES;
				CLANG_WARN__DUPLICATE_METHOD_MATCH = YES;
				CODE_SIGN_IDENTITY = "-";
				COPY_PHASE_STRIP = NO;
				DEBUG_INFORMATION_FORMAT = dwarf;
				ENABLE_STRICT_OBJC_MSGSEND = YES;
				ENABLE_TESTABILITY = YES;
				GCC_C_LANGUAGE_STANDARD = gnu99;
				GCC_DYNAMIC_NO_PIC = NO;
				GCC_NO_COMMON_BLOCKS = YES;
				GCC_OPTIMIZATION_LEVEL = 0;
				GCC_PREPROCESSOR_DEFINITIONS = (
					"DEBUG=1",
					"$(inherited)",
				);
				GCC_WARN_64_TO_32_BIT_CONVERSION = YES;
				GCC_WARN_ABOUT_RETURN_TYPE = YES_ERROR;
				GCC_WARN_UNDECLARED_SELECTOR = YES;
				GCC_WARN_UNINITIALIZED_AUTOS = YES_AGGRESSIVE;
				GCC_WARN_UNUSED_FUNCTION = YES;
				GCC_WARN_UNUSED_VARIABLE = YES;
				MACOSX_DEPLOYMENT_TARGET = 10.11;
				MTL_ENABLE_DEBUG_INFO = YES;
				ONLY_ACTIVE_ARCH = YES;
				"OTHER_CFLAGS[arch=*]" = (
					"-I",
					/usr/local/bin/,
				);
				SDKROOT = macosx;
			};
			name = Debug;
		};
		7BA73CBB1C57951D00C3F662 /* Release */ = {
			isa = XCBuildConfiguration;
			buildSettings = {
				ALWAYS_SEARCH_USER_PATHS = NO;
				CLANG_CXX_LANGUAGE_STANDARD = "gnu++0x";
				CLANG_CXX_LIBRARY = "libc++";
				CLANG_ENABLE_MODULES = YES;
				CLANG_ENABLE_OBJC_ARC = YES;
				CLANG_WARN_BOOL_CONVERSION = YES;
				CLANG_WARN_CONSTANT_CONVERSION = YES;
				CLANG_WARN_DIRECT_OBJC_ISA_USAGE = YES_ERROR;
				CLANG_WARN_EMPTY_BODY = YES;
				CLANG_WARN_ENUM_CONVERSION = YES;
				CLANG_WARN_INT_CONVERSION = YES;
				CLANG_WARN_OBJC_ROOT_CLASS = YES_ERROR;
				CLANG_WARN_UNREACHABLE_CODE = YES;
				CLANG_WARN__DUPLICATE_METHOD_MATCH = YES;
				CODE_SIGN_IDENTITY = "-";
				COPY_PHASE_STRIP = NO;
				DEBUG_INFORMATION_FORMAT = "dwarf-with-dsym";
				ENABLE_NS_ASSERTIONS = NO;
				ENABLE_STRICT_OBJC_MSGSEND = YES;
				GCC_C_LANGUAGE_STANDARD = gnu99;
				GCC_NO_COMMON_BLOCKS = YES;
				GCC_WARN_64_TO_32_BIT_CONVERSION = YES;
				GCC_WARN_ABOUT_RETURN_TYPE = YES_ERROR;
				GCC_WARN_UNDECLARED_SELECTOR = YES;
				GCC_WARN_UNINITIALIZED_AUTOS = YES_AGGRESSIVE;
				GCC_WARN_UNUSED_FUNCTION = YES;
				GCC_WARN_UNUSED_VARIABLE = YES;
				MACOSX_DEPLOYMENT_TARGET = 10.11;
				MTL_ENABLE_DEBUG_INFO = NO;
				"OTHER_CFLAGS[arch=*]" = (
					"-I",
					/usr/local/bin/,
				);
				SDKROOT = macosx;
			};
			name = Release;
		};
		7BA73CBD1C57951D00C3F662 /* Debug */ = {
			isa = XCBuildConfiguration;
			buildSettings = {
				PRODUCT_NAME = "$(TARGET_NAME)";
			};
			name = Debug;
		};
		7BA73CBE1C57951D00C3F662 /* Release */ = {
			isa = XCBuildConfiguration;
			buildSettings = {
				PRODUCT_NAME = "$(TARGET_NAME)";
			};
			name = Release;
		};
/* End XCBuildConfiguration section */

/* Begin XCConfigurationList section */
		7BA73CB01C57951D00C3F662 /* Build configuration list for PBXProject "VEM" */ = {
			isa = XCConfigurationList;
			buildConfigurations = (
				7BA73CBA1C57951D00C3F662 /* Debug */,
				7BA73CBB1C57951D00C3F662 /* Release */,
			);
			defaultConfigurationIsVisible = 0;
			defaultConfigurationName = Release;
		};
		7BA73CBC1C57951D00C3F662 /* Build configuration list for PBXNativeTarget "VEM" */ = {
			isa = XCConfigurationList;
			buildConfigurations = (
				7BA73CBD1C57951D00C3F662 /* Debug */,
				7BA73CBE1C57951D00C3F662 /* Release */,
			);
			defaultConfigurationIsVisible = 0;
			defaultConfigurationName = Release;
		};
/* End XCConfigurationList section */
	};
	rootObject = 7BA73CAD1C57951D00C3F662 /* Project object */;
}
